Microsoft Visual Studio Solution File, Format Version 12.00
# Visual Studio Version 17
VisualStudioVersion = 17.5.2.0
MinimumVisualStudioVersion = 10.0.40219.1
Project("{FAE04EC0-301F-11D3-BF4B-00C04F79EFBC}") = "attendence_app", "attendence_app.csproj", "{E6D70CD6-9945-F99C-52FA-7173A10AF00A}"
EndProject
Global
	GlobalSection(SolutionConfigurationPlatforms) = preSolution
		Debug|Any CPU = Debug|Any CPU
		Release|Any CPU = Release|Any CPU
	EndGlobalSection
	GlobalSection(ProjectConfigurationPlatforms) = postSolution
		{E6D70CD6-9945-F99C-52FA-7173A10AF00A}.Debug|Any CPU.ActiveCfg = Debug|Any CPU
		{E6D70CD6-9945-F99C-52FA-7173A10AF00A}.Debug|Any CPU.Build.0 = Debug|Any CPU
		{E6D70CD6-9945-F99C-52FA-7173A10AF00A}.Release|Any CPU.ActiveCfg = Release|Any CPU
		{E6D70CD6-9945-F99C-52FA-7173A10AF00A}.Release|Any CPU.Build.0 = Release|Any CPU
	EndGlobalSection
	GlobalSection(SolutionProperties) = preSolution
		HideSolutionNode = FALSE
	EndGlobalSection
	GlobalSection(ExtensibilityGlobals) = postSolution
		SolutionGuid = {3CBACA59-4E33-481A-AC01-3098AF2663C1}
	EndGlobalSection
EndGlobal
